# THIS IS AN AUTOGENERATED FILE. DO NOT EDIT THIS FILE DIRECTLY.
# yarn lockfile v1


"@babel/runtime-corejs3@^7.10.4":
  version "7.16.5"
  resolved "https://registry.yarnpkg.com/@babel/runtime-corejs3/-/runtime-corejs3-7.16.5.tgz#9057d879720c136193f0440bc400088212a74894"
  integrity sha512-F1pMwvTiUNSAM8mc45kccMQxj31x3y3P+tA/X8hKNWp3/hUsxdGxZ3D3H8JIkxtfA8qGkaBTKvcmvStaYseAFw==
  dependencies:
    core-js-pure "^3.19.0"
    regenerator-runtime "^0.13.4"

"@fancyapps/fancybox@^3.5.7":
  version "3.5.7"
  resolved "https://registry.yarnpkg.com/@fancyapps/fancybox/-/fancybox-3.5.7.tgz#12f8734663ec6eae7f9236b92ca236e6e07fdfd5"
  integrity sha512-rcEtu8t+WnmqIDV/Wfm1yvy/nDdwc7YV25j9HLxGC2/WOsUhk9rcWg2nB8g1BrjRt9zaoADdjHTU6ILYTJzBBg==

"@popperjs/core@^2.11.0":
  version "2.11.0"
  resolved "https://registry.yarnpkg.com/@popperjs/core/-/core-2.11.0.tgz#6734f8ebc106a0860dff7f92bf90df193f0935d7"
  integrity sha512-zrsUxjLOKAzdewIDRWy9nsV1GQsKBCWaGwsZQlCgr6/q+vjyZhFgqedLfFBuI9anTPEUT4APq9Mu0SZBTzIcGQ==

bootstrap@^5.1.3:
  version "5.1.3"
  resolved "https://registry.yarnpkg.com/bootstrap/-/bootstrap-5.1.3.tgz#ba081b0c130f810fa70900acbc1c6d3c28fa8f34"
  integrity sha512-fcQztozJ8jToQWXxVuEyXWW+dSo8AiXWKwiSSrKWsRB/Qt+Ewwza+JWoLKiTuQLaEPhdNAJ7+Dosc9DOIqNy7Q==

core-js-pure@^3.19.0:
  version "3.20.1"
  resolved "https://registry.yarnpkg.com/core-js-pure/-/core-js-pure-3.20.1.tgz#f7a2c62f98de83e4da8fca7b78846d3a2f542145"
  integrity sha512-yeNNr3L9cEBwNy6vhhIJ0nko7fE7uFO6PgawcacGt2VWep4WqQx0RiqlkgSP7kqUMC1IKdfO9qPeWXcUheHLVQ==

core-js@^3.6.5:
  version "3.20.1"
  resolved "https://registry.yarnpkg.com/core-js/-/core-js-3.20.1.tgz#eb1598047b7813572f1dc24b7c6a95528c99eef3"
  integrity sha512-btdpStYFQScnNVQ5slVcr858KP0YWYjV16eGJQw8Gg7CWtu/2qNvIM3qVRIR3n1pK2R9NNOrTevbvAYxajwEjg==

esbuild@^0.8.44:
  version "0.8.57"
  resolved "https://registry.yarnpkg.com/esbuild/-/esbuild-0.8.57.tgz#a42d02bc2b57c70bcd0ef897fe244766bb6dd926"
  integrity sha512-j02SFrUwFTRUqiY0Kjplwjm1psuzO1d6AjaXKuOR9hrY0HuPsT6sV42B6myW34h1q4CRy+Y3g4RU/cGJeI/nNA==

friendly-challenge@^0.7.1:
  version "0.7.4"
  resolved "https://registry.yarnpkg.com/friendly-challenge/-/friendly-challenge-0.7.4.tgz#0d3d4c5e07c53149428fb8995222fdba3e38f974"
  integrity sha512-NZ9Myv/StVpGaVisTzk8nXYukuODdQ80Fnhw77UT8j+wq8iHKgOkMsgFSWxpYXmZ1eFkE8uoq1HKIrBK0/9XfA==
  dependencies:
    "@babel/runtime-corejs3" "^7.10.4"
    core-js "^3.6.5"
    friendly-pow "0.1.2"
    object-assign-polyfill "^0.1.0"
    promis "^1.1.4"
    url-polyfill "^1.1.10"
    whatwg-fetch "^3.4.1"

friendly-pow@0.1.2:
  version "0.1.2"
  resolved "https://registry.yarnpkg.com/friendly-pow/-/friendly-pow-0.1.2.tgz#73a2f420d0573690f53f540b2a7d35828104db39"
  integrity sha512-Ihnr6Ii9zDAPU0ylpRpjiWSIBUApuLOC8JtO7WMhh5Z5Fu+QjQHqZpV5tHwx3/pV3MOW20zSrGvdL05BpxpSjw==

jquery@>=1.2.6, jquery@^3.6.0:
  version "3.6.0"
  resolved "https://registry.yarnpkg.com/jquery/-/jquery-3.6.0.tgz#c72a09f15c1bdce142f49dbf1170bdf8adac2470"
  integrity sha512-JVzAR/AjBvVt2BmYhxRCSYysDsPcssdmTFnzyLEts9qNwmjmu4JTAMYubEfwVOSwpQ1I1sKKFcxhZCI2buerfw==

object-assign-polyfill@^0.1.0:
  version "0.1.0"
  resolved "https://registry.yarnpkg.com/object-assign-polyfill/-/object-assign-polyfill-0.1.0.tgz#2b72338ff68b770cdcda781860484bb8b2f40920"
  integrity sha1-K3Izj/aLdwzc2ngYYEhLuLL0CSA=

promis@^1.1.4:
  version "1.1.4"
  resolved "https://registry.yarnpkg.com/promis/-/promis-1.1.4.tgz#0d0ef43ccacacdd8f9679cd6e0950f7c7f52096c"
  integrity sha1-DQ70PMrKzdj5Z5zW4JUPfH9SCWw=

regenerator-runtime@^0.13.4:
  version "0.13.9"
  resolved "https://registry.yarnpkg.com/regenerator-runtime/-/regenerator-runtime-0.13.9.tgz#8925742a98ffd90814988d7566ad30ca3b263b52"
  integrity sha512-p3VT+cOEgxFsRRA9X4lkI1E+k2/CtnKtU4gcxyaCUreilL/vqI6CdZ3wxVUx3UOUg+gnUOQQcRI7BmSI656MYA==

select2@^4.1.0-rc.0:
  version "4.1.0-rc.0"
  resolved "https://registry.yarnpkg.com/select2/-/select2-4.1.0-rc.0.tgz#ba3cd3901dda0155e1c0219ab41b74ba51ea22d8"
  integrity sha512-Hr9TdhyHCZUtwznEH2CBf7967mEM0idtJ5nMtjvk3Up5tPukOLXbHUNmh10oRfeNIhj+3GD3niu+g6sVK+gK0A==

tablesorter@^2.31.3:
  version "2.31.3"
  resolved "https://registry.yarnpkg.com/tablesorter/-/tablesorter-2.31.3.tgz#94c33234ba0e5d9efc5ba4e48651010a396c8b64"
  integrity sha512-ueEzeKiMajDcCWnUoT1dOeNEaS1OmPh9+8J0O2Sjp3TTijMygH74EA9QNJiNkLJqULyNU0RhbKY26UMUq9iurA==
  dependencies:
    jquery ">=1.2.6"

url-polyfill@^1.1.10:
  version "1.1.12"
  resolved "https://registry.yarnpkg.com/url-polyfill/-/url-polyfill-1.1.12.tgz#6cdaa17f6b022841b3aec0bf8dbd87ac0cd33331"
  integrity sha512-mYFmBHCapZjtcNHW0MDq9967t+z4Dmg5CJ0KqysK3+ZbyoNOWQHksGCTWwDhxGXllkWlOc10Xfko6v4a3ucM6A==

whatwg-fetch@^3.4.1:
  version "3.6.2"
  resolved "https://registry.yarnpkg.com/whatwg-fetch/-/whatwg-fetch-3.6.2.tgz#dced24f37f2624ed0281725d51d0e2e3fe677f8c"
  integrity sha512-bJlen0FcuU/0EMLrdbJ7zOnW6ITZLrZMIarMUVmdKtsGvZna8vxKYaexICWPfZ8qwf9fzNq+UEIZrnSaApt6RA==
