# THIS IS AN AUTOGENERATED FILE. DO NOT EDIT THIS FILE DIRECTLY.
# yarn lockfile v1


"@babel/runtime-corejs3@^7.10.4":
  version "7.12.13"
  resolved "https://registry.yarnpkg.com/@babel/runtime-corejs3/-/runtime-corejs3-7.12.13.tgz#53d09813b7c20d616caf258e9325550ff701c039"
  integrity sha512-8fSpqYRETHATtNitsCXq8QQbKJP31/KnDl2Wz2Vtui9nKzjss2ysuZtyVsWjBtvkeEFo346gkwjYPab1hvrXkQ==
  dependencies:
    core-js-pure "^3.0.0"
    regenerator-runtime "^0.13.4"

core-js-pure@^3.0.0:
  version "3.8.3"
  resolved "https://registry.yarnpkg.com/core-js-pure/-/core-js-pure-3.8.3.tgz#10e9e3b2592ecaede4283e8f3ad7020811587c02"
  integrity sha512-V5qQZVAr9K0xu7jXg1M7qTEwuxUgqr7dUOezGaNa7i+Xn9oXAU/d1fzqD9ObuwpVQOaorO5s70ckyi1woP9lVA==

core-js@^3.6.5:
  version "3.8.3"
  resolved "https://registry.yarnpkg.com/core-js/-/core-js-3.8.3.tgz#c21906e1f14f3689f93abcc6e26883550dd92dd0"
  integrity sha512-KPYXeVZYemC2TkNEkX/01I+7yd+nX3KddKwZ1Ww7SKWdI2wQprSgLmrTddT8nw92AjEklTsPBoSdQBhbI1bQ6Q==

esbuild@^0.8.44:
  version "0.8.44"
  resolved "https://registry.yarnpkg.com/esbuild/-/esbuild-0.8.44.tgz#2a74f48fe20579081c9d8fe99be6fb8d2848c887"
  integrity sha512-m9yyBZMgWuAB7e7tA2g9L4PovoLa5Xb73+Yg9uBBR2w3Fe4P9/nxqj/HLrw1k/rjdjF1eX1kNJRytboqOtRCCQ==

friendly-challenge@^0.7.1:
  version "0.7.1"
  resolved "https://registry.yarnpkg.com/friendly-challenge/-/friendly-challenge-0.7.1.tgz#fe0aaaed49d97bf97b7408488977e96677dfb77b"
  integrity sha512-D8a8TR8zMIPqHs3tnX+LAtkzXEjVvlJDuqq2gsQr7wyfRvsOBoBx4Aqpr/EoBzk0UvEx3RoWDHu93RkgEhDUUA==
  dependencies:
    "@babel/runtime-corejs3" "^7.10.4"
    core-js "^3.6.5"
    friendly-pow "0.1.2"
    object-assign-polyfill "^0.1.0"
    promis "^1.1.4"
    url-polyfill "^1.1.10"
    whatwg-fetch "^3.4.1"

friendly-pow@0.1.2:
  version "0.1.2"
  resolved "https://registry.yarnpkg.com/friendly-pow/-/friendly-pow-0.1.2.tgz#73a2f420d0573690f53f540b2a7d35828104db39"
  integrity sha512-Ihnr6Ii9zDAPU0ylpRpjiWSIBUApuLOC8JtO7WMhh5Z5Fu+QjQHqZpV5tHwx3/pV3MOW20zSrGvdL05BpxpSjw==

object-assign-polyfill@^0.1.0:
  version "0.1.0"
  resolved "https://registry.yarnpkg.com/object-assign-polyfill/-/object-assign-polyfill-0.1.0.tgz#2b72338ff68b770cdcda781860484bb8b2f40920"
  integrity sha1-K3Izj/aLdwzc2ngYYEhLuLL0CSA=

promis@^1.1.4:
  version "1.1.4"
  resolved "https://registry.yarnpkg.com/promis/-/promis-1.1.4.tgz#0d0ef43ccacacdd8f9679cd6e0950f7c7f52096c"
  integrity sha1-DQ70PMrKzdj5Z5zW4JUPfH9SCWw=

regenerator-runtime@^0.13.4:
  version "0.13.7"
  resolved "https://registry.yarnpkg.com/regenerator-runtime/-/regenerator-runtime-0.13.7.tgz#cac2dacc8a1ea675feaabaeb8ae833898ae46f55"
  integrity sha512-a54FxoJDIr27pgf7IgeQGxmqUNYrcV338lf/6gH456HZ/PhX+5BcwHXG9ajESmwe6WRO0tAzRUrRmNONWgkrew==

url-polyfill@^1.1.10:
  version "1.1.12"
  resolved "https://registry.yarnpkg.com/url-polyfill/-/url-polyfill-1.1.12.tgz#6cdaa17f6b022841b3aec0bf8dbd87ac0cd33331"
  integrity sha512-mYFmBHCapZjtcNHW0MDq9967t+z4Dmg5CJ0KqysK3+ZbyoNOWQHksGCTWwDhxGXllkWlOc10Xfko6v4a3ucM6A==

whatwg-fetch@^3.4.1:
  version "3.5.0"
  resolved "https://registry.yarnpkg.com/whatwg-fetch/-/whatwg-fetch-3.5.0.tgz#605a2cd0a7146e5db141e29d1c62ab84c0c4c868"
  integrity sha512-jXkLtsR42xhXg7akoDKvKWE40eJeI+2KZqcp2h3NsOrRnDvtWX36KcKl30dy+hxECivdk2BVUHVNrPtoMBUx6A==
